
Microsoft Visual Studio Solution File, Format Version 12.00
# Visual Studio 15
VisualStudioVersion = 15.0.28307.1209
MinimumVisualStudioVersion = 10.0.40219.1
Project("{FAE04EC0-301F-11D3-BF4B-00C04F79EFBC}") = "Models", "Models\Models.csproj", "{F3E7494B-2003-4315-9135-A9EAD05F1FB3}"
EndProject
Project("{FAE04EC0-301F-11D3-BF4B-00C04F79EFBC}") = "CLI", "CLI\CLI.csproj", "{AC8AC123-075A-4AEF-8E4D-289044C0BA98}"
EndProject
Project("{FAE04EC0-301F-11D3-BF4B-00C04F79EFBC}") = "DataAccess", "DataAccess\DataAccess.csproj", "{2E0D5320-3A82-4031-BC3E-E50A949DFBEF}"
EndProject
Global
	GlobalSection(SolutionConfigurationPlatforms) = preSolution
		Debug|Any CPU = Debug|Any CPU
		Release|Any CPU = Release|Any CPU
	EndGlobalSection
	GlobalSection(ProjectConfigurationPlatforms) = postSolution
		{F3E7494B-2003-4315-9135-A9EAD05F1FB3}.Debug|Any CPU.ActiveCfg = Debug|Any CPU
		{F3E7494B-2003-4315-9135-A9EAD05F1FB3}.Debug|Any CPU.Build.0 = Debug|Any CPU
		{F3E7494B-2003-4315-9135-A9EAD05F1FB3}.Release|Any CPU.ActiveCfg = Release|Any CPU
		{F3E7494B-2003-4315-9135-A9EAD05F1FB3}.Release|Any CPU.Build.0 = Release|Any CPU
		{AC8AC123-075A-4AEF-8E4D-289044C0BA98}.Debug|Any CPU.ActiveCfg = Debug|Any CPU
		{AC8AC123-075A-4AEF-8E4D-289044C0BA98}.Debug|Any CPU.Build.0 = Debug|Any CPU
		{AC8AC123-075A-4AEF-8E4D-289044C0BA98}.Release|Any CPU.ActiveCfg = Release|Any CPU
		{AC8AC123-075A-4AEF-8E4D-289044C0BA98}.Release|Any CPU.Build.0 = Release|Any CPU
		{2E0D5320-3A82-4031-BC3E-E50A949DFBEF}.Debug|Any CPU.ActiveCfg = Debug|Any CPU
		{2E0D5320-3A82-4031-BC3E-E50A949DFBEF}.Debug|Any CPU.Build.0 = Debug|Any CPU
		{2E0D5320-3A82-4031-BC3E-E50A949DFBEF}.Release|Any CPU.ActiveCfg = Release|Any CPU
		{2E0D5320-3A82-4031-BC3E-E50A949DFBEF}.Release|Any CPU.Build.0 = Release|Any CPU
	EndGlobalSection
	GlobalSection(SolutionProperties) = preSolution
		HideSolutionNode = FALSE
	EndGlobalSection
	GlobalSection(ExtensibilityGlobals) = postSolution
		SolutionGuid = {91A2D159-0955-43D6-858E-A931DCA31CA3}
	EndGlobalSection
EndGlobal
